
Microsoft Visual Studio Solution File, Format Version 12.00
# Visual Studio Version 16
VisualStudioVersion = 16.0.32228.343
MinimumVisualStudioVersion = 10.0.40219.1
Project("{2150E333-8FDC-42A3-9474-1A3956D46DE8}") = "sample", "sample", "{48CB95EF-7492-497B-BA4F-8B0FE12B02FD}"
EndProject
Project("{FAE04EC0-301F-11D3-BF4B-00C04F79EFBC}") = "ConsoleApp0411", "sample\ConsoleApp0411\ConsoleApp0411.csproj", "{EA8593B2-8911-40A0-B93A-9A6C72A05A25}"
EndProject
Project("{FAE04EC0-301F-11D3-BF4B-00C04F79EFBC}") = "WindowsFormsApp1", "sample\WindowsFormsApp1\WindowsFormsApp1.csproj", "{EABD4814-CAFA-4264-B933-C9EF93CB162A}"
EndProject
Project("{FAE04EC0-301F-11D3-BF4B-00C04F79EFBC}") = "BallApp", "sample\BallApp\BallApp.csproj", "{5F5C8623-E731-4394-9AE4-AC703854A25C}"
EndProject
Project("{2150E333-8FDC-42A3-9474-1A3956D46DE8}") = "Chapter01", "Chapter01", "{015E7F2B-E107-422D-B041-D628A5E6C4F7}"
EndProject
Project("{FAE04EC0-301F-11D3-BF4B-00C04F79EFBC}") = "ProductSample", "Chapter01\Product\ProductSample.csproj", "{64ED5C2F-4663-4935-9D3D-51B4360405A8}"
EndProject
Project("{2150E333-8FDC-42A3-9474-1A3956D46DE8}") = "距離換算プログラム", "距離換算プログラム", "{934F340D-0BE2-4FCD-8268-5720927D676D}"
EndProject
Project("{2150E333-8FDC-42A3-9474-1A3956D46DE8}") = "Chapter02", "Chapter02", "{487F095A-22CF-46BF-9702-3F06679A92FF}"
EndProject
Project("{FAE04EC0-301F-11D3-BF4B-00C04F79EFBC}") = "DistanceConverter", "Chapter02\距離換算プログラム\DistanceConverter\DistanceConverter.csproj", "{864EAB3E-9F48-43F1-AF7C-F444310CCC8C}"
EndProject
Project("{2150E333-8FDC-42A3-9474-1A3956D46DE8}") = "売上集計プログラム", "売上集計プログラム", "{9071E73D-85DB-45F2-B44F-947FA87F4533}"
EndProject
Project("{FAE04EC0-301F-11D3-BF4B-00C04F79EFBC}") = "SalesCalculator", "Chapter02\売上集計プログラム\SalesCalculator\SalesCalculator.csproj", "{460C4E57-7946-4D73-B0BB-0A44839B3B51}"
EndProject
Project("{2150E333-8FDC-42A3-9474-1A3956D46DE8}") = "演習問題", "演習問題", "{05028397-B364-45AF-B9C1-3D7F829E86FD}"
EndProject
Project("{FAE04EC0-301F-11D3-BF4B-00C04F79EFBC}") = "Exercise01", "Chapter02\演習問題\Exercise01\Exercise01.csproj", "{0A60D6BF-AED9-4E0F-AD6A-62E74205FA9C}"
EndProject
Project("{FAE04EC0-301F-11D3-BF4B-00C04F79EFBC}") = "Exercise02", "Chapter02\演習問題\Exercise02\Exercise02.csproj", "{AAAD1AFF-6627-406C-9A29-527EB59F2CAF}"
EndProject
Project("{FAE04EC0-301F-11D3-BF4B-00C04F79EFBC}") = "Exercise03", "Chapter02\演習問題\Exercise03\Exercise03\Exercise03.csproj", "{DDC3B30C-79B5-4365-AD6D-3F21FA3ADFFE}"
EndProject
Project("{2150E333-8FDC-42A3-9474-1A3956D46DE8}") = "Chapter03", "Chapter03", "{9CF091FD-F2DB-4DE4-A1DB-D415F72DE83D}"
EndProject
Project("{FAE04EC0-301F-11D3-BF4B-00C04F79EFBC}") = "Section01", "Chapter03\Section01\Section01.csproj", "{EEDF1A3B-55C8-42D8-AEA3-987B69C7E054}"
EndProject
Project("{FAE04EC0-301F-11D3-BF4B-00C04F79EFBC}") = "Section03", "Chapter03\Section03\Section03.csproj", "{49130605-E425-4B45-9726-A82E2869DDCF}"
EndProject
Project("{FAE04EC0-301F-11D3-BF4B-00C04F79EFBC}") = "Section04", "Chapter03\Section04\Section04.csproj", "{D4CE9A5E-1D2A-443C-883D-F944AB48C368}"
EndProject
Project("{2150E333-8FDC-42A3-9474-1A3956D46DE8}") = "演習問題", "演習問題", "{692B17AF-1865-4367-9011-5E4704DD62CD}"
EndProject
Project("{FAE04EC0-301F-11D3-BF4B-00C04F79EFBC}") = "Exercise01", "Chapter03\演習問題\Exercise01\Exercise01.csproj", "{22E5EE6E-C4A9-4DCF-8A10-DE2486D2AF9B}"
EndProject
Project("{FAE04EC0-301F-11D3-BF4B-00C04F79EFBC}") = "Exercise02", "Chapter03\演習問題\Exercise02\Exercise02.csproj", "{9C2581DA-13F0-4E79-89E7-738CC26B57B7}"
EndProject
Project("{2150E333-8FDC-42A3-9474-1A3956D46DE8}") = "Chapter04", "Chapter04", "{CC870149-B1F6-4D9B-8130-4CF94B38E613}"
EndProject
Project("{2150E333-8FDC-42A3-9474-1A3956D46DE8}") = "条件演算子・null合体演算子", "条件演算子・null合体演算子", "{7FCCFEEE-1B24-4A48-B22A-294E1AD2BEC6}"
EndProject
Project("{FAE04EC0-301F-11D3-BF4B-00C04F79EFBC}") = "Section04", "Chapter04\条件演算子・null合体演算子\Section04\Section04.csproj", "{8CB0F088-9FE6-4D90-B04D-93B8D9F9AC68}"
EndProject
Project("{2150E333-8FDC-42A3-9474-1A3956D46DE8}") = "TryParse", "TryParse", "{ADFAA306-1C2E-45E4-99AB-5F823479724E}"
EndProject
Project("{FAE04EC0-301F-11D3-BF4B-00C04F79EFBC}") = "Section07", "Chapter04\TryParse\Section07\Section07.csproj", "{EB27B26B-B704-447C-8F07-6C85D7FE422C}"
EndProject
Project("{2150E333-8FDC-42A3-9474-1A3956D46DE8}") = "演習問題", "演習問題", "{40A3605A-288B-4994-895D-59E1359507E8}"
EndProject
Project("{FAE04EC0-301F-11D3-BF4B-00C04F79EFBC}") = "Exercise01", "Chapter04\演習問題\Exercise01\Exercise01.csproj", "{37E487DD-06AD-4A47-ABAC-354B0980E071}"
EndProject
Project("{FAE04EC0-301F-11D3-BF4B-00C04F79EFBC}") = "Exercise02", "Chapter04\演習問題\Exercise02\Exercise02.csproj", "{8DEB9DE2-86C2-4C36-8DF0-81A04F9F8D3B}"
EndProject
Project("{2150E333-8FDC-42A3-9474-1A3956D46DE8}") = "Chapter05", "Chapter05", "{05C1A812-C936-483F-884C-301F26F50AEC}"
EndProject
Project("{2150E333-8FDC-42A3-9474-1A3956D46DE8}") = "演習問題", "演習問題", "{FC2521D6-3B9E-4F91-93AE-360E9E5151CB}"
EndProject
Project("{FAE04EC0-301F-11D3-BF4B-00C04F79EFBC}") = "Exercise01", "Chapter05\演習問題\Exercise01\Exercise01.csproj", "{A5B682B4-795C-4017-9E3E-7CBFE3483C71}"
EndProject
Project("{FAE04EC0-301F-11D3-BF4B-00C04F79EFBC}") = "Exercise02", "Chapter05\演習問題\Exercise02\Exercise02.csproj", "{26C68E0B-0DFE-41FD-B672-FD7A034B4074}"
EndProject
Project("{FAE04EC0-301F-11D3-BF4B-00C04F79EFBC}") = "Exercise03", "Chapter05\演習問題\Exercise03\Exercise03.csproj", "{85CD8E79-F674-4561-96EE-5259BA3D38FC}"
EndProject
Project("{FAE04EC0-301F-11D3-BF4B-00C04F79EFBC}") = "Exercise04", "Chapter05\演習問題\Exercise04\Exercise04.csproj", "{4CAC023A-36CA-4FB0-ADE8-A8CA080A7E52}"
EndProject
Project("{2150E333-8FDC-42A3-9474-1A3956D46DE8}") = "Chapter06", "Chapter06", "{76398E44-99AE-4F75-803C-217961966B65}"
EndProject
Project("{FAE04EC0-301F-11D3-BF4B-00C04F79EFBC}") = "Section01", "Chapter06\Section01\Section01.csproj", "{88F77749-6677-4D22-B63D-7B8DC2146A89}"
EndProject
Project("{FAE04EC0-301F-11D3-BF4B-00C04F79EFBC}") = "Section02", "Chapter06\Section02\Section02.csproj", "{807CB909-0517-4CD4-8306-F06D623D0F2C}"
EndProject
Project("{2150E333-8FDC-42A3-9474-1A3956D46DE8}") = "演習問題", "演習問題", "{95CFA993-26AC-40E9-8464-D86E54366F15}"
EndProject
Project("{FAE04EC0-301F-11D3-BF4B-00C04F79EFBC}") = "Exercise01", "Chapter06\演習問題\Exercise01\Exercise01.csproj", "{7171B34E-CA11-498D-A525-C1FF804E11B4}"
EndProject
Project("{FAE04EC0-301F-11D3-BF4B-00C04F79EFBC}") = "Exercise02", "Chapter06\演習問題\Exercise02\Exercise02.csproj", "{0796FC5E-E2A8-4613-B847-0DB4C39E771B}"
EndProject
Project("{2150E333-8FDC-42A3-9474-1A3956D46DE8}") = "試験01", "試験01", "{D4D10270-612D-462A-BC21-EA8D32B83C45}"
EndProject
Project("{FAE04EC0-301F-11D3-BF4B-00C04F79EFBC}") = "Test01", "TestProject\Test01\Test01.csproj", "{2BFACDC3-F44D-4199-8498-F5C3C4AC0335}"
EndProject
Project("{FAE04EC0-301F-11D3-BF4B-00C04F79EFBC}") = "Test02", "TestProject\Test02\Test02.csproj", "{E461C0A8-8900-485C-B520-E929BA33F712}"
EndProject
Project("{2150E333-8FDC-42A3-9474-1A3956D46DE8}") = "Chapter07", "Chapter07", "{575B7F92-2B4D-49F9-AB11-03EA6B250595}"
EndProject
Project("{FAE04EC0-301F-11D3-BF4B-00C04F79EFBC}") = "Section01", "Chapter07\Section01\Section01.csproj", "{B57F7896-A6B9-4DAD-B778-9618F694FD7D}"
EndProject
Project("{FAE04EC0-301F-11D3-BF4B-00C04F79EFBC}") = "Section02", "Chapter07\Section02\Section02.csproj", "{1145BCEF-7642-48D9-A45B-DEF1C0DD5ABC}"
EndProject
Project("{FAE04EC0-301F-11D3-BF4B-00C04F79EFBC}") = "Section03", "Chapter07\Section03\Section03.csproj", "{AD092DC9-306F-4FC6-8846-18CB0FDE9B48}"
EndProject
Project("{2150E333-8FDC-42A3-9474-1A3956D46DE8}") = "演習問題", "演習問題", "{56E1E670-81A0-45D9-951F-83E847151766}"
EndProject
Project("{FAE04EC0-301F-11D3-BF4B-00C04F79EFBC}") = "Exercise01", "Chapter07\演習問題\Exercise01\Exercise01.csproj", "{252CE770-93A0-42F2-B359-B050A896CBCC}"
EndProject
Project("{FAE04EC0-301F-11D3-BF4B-00C04F79EFBC}") = "Exercise02", "Chapter07\演習問題\Exercise02\Exercise02.csproj", "{B6B0D2FC-0886-4961-A005-6B214BB0F51B}"
EndProject
Project("{2150E333-8FDC-42A3-9474-1A3956D46DE8}") = "Chapter08", "Chapter08", "{604CF957-A261-4A5F-930C-46E944D9C285}"
EndProject
Project("{2150E333-8FDC-42A3-9474-1A3956D46DE8}") = "演習問題", "演習問題", "{46D2B094-A886-4EFC-9278-0505E4337D60}"
EndProject
Project("{FAE04EC0-301F-11D3-BF4B-00C04F79EFBC}") = "Exercise01", "Chapter08\演習問題\Exercise01\Exercise01.csproj", "{16A42B53-6429-4FF2-8D35-75FEDD5CB660}"
EndProject
Project("{FAE04EC0-301F-11D3-BF4B-00C04F79EFBC}") = "Exercise02", "Chapter08\演習問題\Exercise02\Exercise02.csproj", "{D1650AFF-7342-4B1F-B4DB-C62178D2638E}"
EndProject
Project("{FAE04EC0-301F-11D3-BF4B-00C04F79EFBC}") = "Exercise03", "Chapter08\演習問題\Exercise03\Exercise03.csproj", "{3AB93BF2-E341-4646-8BE9-D537204D869C}"
EndProject
Project("{2150E333-8FDC-42A3-9474-1A3956D46DE8}") = "フォームアプリケーション", "フォームアプリケーション", "{C5908B6E-2824-47B7-A03E-21ED2B7611CE}"
EndProject
Project("{FAE04EC0-301F-11D3-BF4B-00C04F79EFBC}") = "CalendarApp", "Chapter08\フォームアプリケーション\CalendarApp\CalendarApp.csproj", "{2346B854-0039-43DC-ACDE-146B1FD5A1C5}"
EndProject
Project("{2150E333-8FDC-42A3-9474-1A3956D46DE8}") = "FormApps", "FormApps", "{97C8D5A0-EF72-47AB-A1A6-63BCCB0121BB}"
EndProject
Project("{FAE04EC0-301F-11D3-BF4B-00C04F79EFBC}") = "CarReportSystem", "FormApps\CarReportSystem\CarReportSystem.csproj", "{E6AEB8F1-0A9C-4CE1-9EF5-5134A9A2D9B7}"
EndProject
Project("{2150E333-8FDC-42A3-9474-1A3956D46DE8}") = "Chapter13", "Chapter13", "{B357A4CF-F323-46B5-9C87-15BC4168FD6A}"
EndProject
Project("{FAE04EC0-301F-11D3-BF4B-00C04F79EFBC}") = "SampleEntityFramework", "Chapter13\SampleEntityFramework\SampleEntityFramework.csproj", "{9A9A8B63-C466-44A9-9FE7-D24DE57167EA}"
EndProject
Project("{2150E333-8FDC-42A3-9474-1A3956D46DE8}") = "Chapter14", "Chapter14", "{3E17FCB2-E249-4FB3-B08E-640DFE40369C}"
EndProject
Project("{FAE04EC0-301F-11D3-BF4B-00C04F79EFBC}") = "Section01", "Chapter14\Section01\Section01.csproj", "{B915331D-7220-4D63-8EEB-CCA4530413F4}"
EndProject
Project("{FAE04EC0-301F-11D3-BF4B-00C04F79EFBC}") = "Section02", "Chapter14\Section02\Section02.csproj", "{CF45F370-EC2F-4A53-982E-B9DF1674D390}"
EndProject
Project("{FAE04EC0-301F-11D3-BF4B-00C04F79EFBC}") = "Section04", "Chapter14\Section04\Section04.csproj", "{13B16FD0-52C2-45FD-9912-3E3664E0B5EF}"
EndProject
Project("{FAE04EC0-301F-11D3-BF4B-00C04F79EFBC}") = "RssReader", "FormApps\RssReader\RssReader.csproj", "{5D413AE4-2549-4859-92BF-0E11D66923AD}"
EndProject
Project("{2150E333-8FDC-42A3-9474-1A3956D46DE8}") = "Chapter10", "Chapter10", "{E32F025A-FA1D-4E26-9C4F-C334B87CCF86}"
EndProject
Project("{FAE04EC0-301F-11D3-BF4B-00C04F79EFBC}") = "Section02", "Chapter10\Section02\Section02.csproj", "{BB3A42E1-F322-4DA3-9A7A-095297E49B34}"
EndProject
Project("{FAE04EC0-301F-11D3-BF4B-00C04F79EFBC}") = "Section03", "Chapter10\Section03\Section03.csproj", "{D4F49B39-4ADE-4BE2-8C1E-0CE0048A2309}"
EndProject
Project("{2150E333-8FDC-42A3-9474-1A3956D46DE8}") = "演習問題", "演習問題", "{64361A7D-01FB-4DF0-8BB5-6F5CBA01DDF1}"
EndProject
Project("{FAE04EC0-301F-11D3-BF4B-00C04F79EFBC}") = "Exercise01", "Chapter10\演習問題\Exercise01\Exercise01.csproj", "{3ABCB806-57BA-4F57-806C-4E63305662B0}"
EndProject
Project("{FAE04EC0-301F-11D3-BF4B-00C04F79EFBC}") = "Exercise02", "Chapter10\演習問題\Exercise02\Exercise02.csproj", "{52E1C721-E2BB-4174-8A31-FAA085F00078}"
EndProject
Project("{FAE04EC0-301F-11D3-BF4B-00C04F79EFBC}") = "Exercise03", "Chapter10\演習問題\Exercise03\Exercise03.csproj", "{BCE0A141-9952-4A52-A976-83663DDDD39E}"
EndProject
Project("{FAE04EC0-301F-11D3-BF4B-00C04F79EFBC}") = "Exercise04", "Chapter10\演習問題\Exercise04\Exercise04.csproj", "{79E9586D-3E43-46BF-A5F2-A121207DBC7B}"
EndProject
Project("{FAE04EC0-301F-11D3-BF4B-00C04F79EFBC}") = "Exercise05", "Chapter10\演習問題\Exercise05\Exercise05.csproj", "{FEFEB3FF-FF38-4116-9ED4-478244F73841}"
EndProject
Project("{FAE04EC0-301F-11D3-BF4B-00C04F79EFBC}") = "Exercise06", "Chapter10\演習問題\Exercise06\Exercise06.csproj", "{59259BF9-B19D-434C-816E-894EDD7BCBDC}"
EndProject
Project("{2150E333-8FDC-42A3-9474-1A3956D46DE8}") = "Chapter15", "Chapter15", "{E406C18C-ABC6-4E99-ADFC-1C4AFB250244}"
EndProject
Project("{FAE04EC0-301F-11D3-BF4B-00C04F79EFBC}") = "Section01", "Chapter15\Section01\Section01.csproj", "{0ED2E0E4-8417-466C-88A5-8770104742AA}"
EndProject
Project("{2150E333-8FDC-42A3-9474-1A3956D46DE8}") = "演習問題", "演習問題", "{C60E9F3A-30F7-4FAB-BBDF-734210EC001C}"
EndProject
Project("{FAE04EC0-301F-11D3-BF4B-00C04F79EFBC}") = "Exercise01", "Chapter15\演習問題\Exercise01\Exercise01.csproj", "{E275E797-3E65-472C-8DF0-28CF29B98ACE}"
EndProject
Global
	GlobalSection(SolutionConfigurationPlatforms) = preSolution
		Debug|Any CPU = Debug|Any CPU
		Release|Any CPU = Release|Any CPU
	EndGlobalSection
	GlobalSection(ProjectConfigurationPlatforms) = postSolution
		{EA8593B2-8911-40A0-B93A-9A6C72A05A25}.Debug|Any CPU.ActiveCfg = Debug|Any CPU
		{EA8593B2-8911-40A0-B93A-9A6C72A05A25}.Debug|Any CPU.Build.0 = Debug|Any CPU
		{EA8593B2-8911-40A0-B93A-9A6C72A05A25}.Release|Any CPU.ActiveCfg = Release|Any CPU
		{EA8593B2-8911-40A0-B93A-9A6C72A05A25}.Release|Any CPU.Build.0 = Release|Any CPU
		{EABD4814-CAFA-4264-B933-C9EF93CB162A}.Debug|Any CPU.ActiveCfg = Debug|Any CPU
		{EABD4814-CAFA-4264-B933-C9EF93CB162A}.Debug|Any CPU.Build.0 = Debug|Any CPU
		{EABD4814-CAFA-4264-B933-C9EF93CB162A}.Release|Any CPU.ActiveCfg = Release|Any CPU
		{EABD4814-CAFA-4264-B933-C9EF93CB162A}.Release|Any CPU.Build.0 = Release|Any CPU
		{5F5C8623-E731-4394-9AE4-AC703854A25C}.Debug|Any CPU.ActiveCfg = Debug|Any CPU
		{5F5C8623-E731-4394-9AE4-AC703854A25C}.Debug|Any CPU.Build.0 = Debug|Any CPU
		{5F5C8623-E731-4394-9AE4-AC703854A25C}.Release|Any CPU.ActiveCfg = Release|Any CPU
		{5F5C8623-E731-4394-9AE4-AC703854A25C}.Release|Any CPU.Build.0 = Release|Any CPU
		{64ED5C2F-4663-4935-9D3D-51B4360405A8}.Debug|Any CPU.ActiveCfg = Debug|Any CPU
		{64ED5C2F-4663-4935-9D3D-51B4360405A8}.Debug|Any CPU.Build.0 = Debug|Any CPU
		{64ED5C2F-4663-4935-9D3D-51B4360405A8}.Release|Any CPU.ActiveCfg = Release|Any CPU
		{64ED5C2F-4663-4935-9D3D-51B4360405A8}.Release|Any CPU.Build.0 = Release|Any CPU
		{864EAB3E-9F48-43F1-AF7C-F444310CCC8C}.Debug|Any CPU.ActiveCfg = Debug|Any CPU
		{864EAB3E-9F48-43F1-AF7C-F444310CCC8C}.Debug|Any CPU.Build.0 = Debug|Any CPU
		{864EAB3E-9F48-43F1-AF7C-F444310CCC8C}.Release|Any CPU.ActiveCfg = Release|Any CPU
		{864EAB3E-9F48-43F1-AF7C-F444310CCC8C}.Release|Any CPU.Build.0 = Release|Any CPU
		{460C4E57-7946-4D73-B0BB-0A44839B3B51}.Debug|Any CPU.ActiveCfg = Debug|Any CPU
		{460C4E57-7946-4D73-B0BB-0A44839B3B51}.Debug|Any CPU.Build.0 = Debug|Any CPU
		{460C4E57-7946-4D73-B0BB-0A44839B3B51}.Release|Any CPU.ActiveCfg = Release|Any CPU
		{460C4E57-7946-4D73-B0BB-0A44839B3B51}.Release|Any CPU.Build.0 = Release|Any CPU
		{0A60D6BF-AED9-4E0F-AD6A-62E74205FA9C}.Debug|Any CPU.ActiveCfg = Debug|Any CPU
		{0A60D6BF-AED9-4E0F-AD6A-62E74205FA9C}.Debug|Any CPU.Build.0 = Debug|Any CPU
		{0A60D6BF-AED9-4E0F-AD6A-62E74205FA9C}.Release|Any CPU.ActiveCfg = Release|Any CPU
		{0A60D6BF-AED9-4E0F-AD6A-62E74205FA9C}.Release|Any CPU.Build.0 = Release|Any CPU
		{AAAD1AFF-6627-406C-9A29-527EB59F2CAF}.Debug|Any CPU.ActiveCfg = Debug|Any CPU
		{AAAD1AFF-6627-406C-9A29-527EB59F2CAF}.Debug|Any CPU.Build.0 = Debug|Any CPU
		{AAAD1AFF-6627-406C-9A29-527EB59F2CAF}.Release|Any CPU.ActiveCfg = Release|Any CPU
		{AAAD1AFF-6627-406C-9A29-527EB59F2CAF}.Release|Any CPU.Build.0 = Release|Any CPU
		{DDC3B30C-79B5-4365-AD6D-3F21FA3ADFFE}.Debug|Any CPU.ActiveCfg = Debug|Any CPU
		{DDC3B30C-79B5-4365-AD6D-3F21FA3ADFFE}.Debug|Any CPU.Build.0 = Debug|Any CPU
		{DDC3B30C-79B5-4365-AD6D-3F21FA3ADFFE}.Release|Any CPU.ActiveCfg = Release|Any CPU
		{DDC3B30C-79B5-4365-AD6D-3F21FA3ADFFE}.Release|Any CPU.Build.0 = Release|Any CPU
		{EEDF1A3B-55C8-42D8-AEA3-987B69C7E054}.Debug|Any CPU.ActiveCfg = Debug|Any CPU
		{EEDF1A3B-55C8-42D8-AEA3-987B69C7E054}.Debug|Any CPU.Build.0 = Debug|Any CPU
		{EEDF1A3B-55C8-42D8-AEA3-987B69C7E054}.Release|Any CPU.ActiveCfg = Release|Any CPU
		{EEDF1A3B-55C8-42D8-AEA3-987B69C7E054}.Release|Any CPU.Build.0 = Release|Any CPU
		{49130605-E425-4B45-9726-A82E2869DDCF}.Debug|Any CPU.ActiveCfg = Debug|Any CPU
		{49130605-E425-4B45-9726-A82E2869DDCF}.Debug|Any CPU.Build.0 = Debug|Any CPU
		{49130605-E425-4B45-9726-A82E2869DDCF}.Release|Any CPU.ActiveCfg = Release|Any CPU
		{49130605-E425-4B45-9726-A82E2869DDCF}.Release|Any CPU.Build.0 = Release|Any CPU
		{D4CE9A5E-1D2A-443C-883D-F944AB48C368}.Debug|Any CPU.ActiveCfg = Debug|Any CPU
		{D4CE9A5E-1D2A-443C-883D-F944AB48C368}.Debug|Any CPU.Build.0 = Debug|Any CPU
		{D4CE9A5E-1D2A-443C-883D-F944AB48C368}.Release|Any CPU.ActiveCfg = Release|Any CPU
		{D4CE9A5E-1D2A-443C-883D-F944AB48C368}.Release|Any CPU.Build.0 = Release|Any CPU
		{22E5EE6E-C4A9-4DCF-8A10-DE2486D2AF9B}.Debug|Any CPU.ActiveCfg = Debug|Any CPU
		{22E5EE6E-C4A9-4DCF-8A10-DE2486D2AF9B}.Debug|Any CPU.Build.0 = Debug|Any CPU
		{22E5EE6E-C4A9-4DCF-8A10-DE2486D2AF9B}.Release|Any CPU.ActiveCfg = Release|Any CPU
		{22E5EE6E-C4A9-4DCF-8A10-DE2486D2AF9B}.Release|Any CPU.Build.0 = Release|Any CPU
		{9C2581DA-13F0-4E79-89E7-738CC26B57B7}.Debug|Any CPU.ActiveCfg = Debug|Any CPU
		{9C2581DA-13F0-4E79-89E7-738CC26B57B7}.Debug|Any CPU.Build.0 = Debug|Any CPU
		{9C2581DA-13F0-4E79-89E7-738CC26B57B7}.Release|Any CPU.ActiveCfg = Release|Any CPU
		{9C2581DA-13F0-4E79-89E7-738CC26B57B7}.Release|Any CPU.Build.0 = Release|Any CPU
		{8CB0F088-9FE6-4D90-B04D-93B8D9F9AC68}.Debug|Any CPU.ActiveCfg = Debug|Any CPU
		{8CB0F088-9FE6-4D90-B04D-93B8D9F9AC68}.Debug|Any CPU.Build.0 = Debug|Any CPU
		{8CB0F088-9FE6-4D90-B04D-93B8D9F9AC68}.Release|Any CPU.ActiveCfg = Release|Any CPU
		{8CB0F088-9FE6-4D90-B04D-93B8D9F9AC68}.Release|Any CPU.Build.0 = Release|Any CPU
		{EB27B26B-B704-447C-8F07-6C85D7FE422C}.Debug|Any CPU.ActiveCfg = Debug|Any CPU
		{EB27B26B-B704-447C-8F07-6C85D7FE422C}.Debug|Any CPU.Build.0 = Debug|Any CPU
		{EB27B26B-B704-447C-8F07-6C85D7FE422C}.Release|Any CPU.ActiveCfg = Release|Any CPU
		{EB27B26B-B704-447C-8F07-6C85D7FE422C}.Release|Any CPU.Build.0 = Release|Any CPU
		{37E487DD-06AD-4A47-ABAC-354B0980E071}.Debug|Any CPU.ActiveCfg = Debug|Any CPU
		{37E487DD-06AD-4A47-ABAC-354B0980E071}.Debug|Any CPU.Build.0 = Debug|Any CPU
		{37E487DD-06AD-4A47-ABAC-354B0980E071}.Release|Any CPU.ActiveCfg = Release|Any CPU
		{37E487DD-06AD-4A47-ABAC-354B0980E071}.Release|Any CPU.Build.0 = Release|Any CPU
		{8DEB9DE2-86C2-4C36-8DF0-81A04F9F8D3B}.Debug|Any CPU.ActiveCfg = Debug|Any CPU
		{8DEB9DE2-86C2-4C36-8DF0-81A04F9F8D3B}.Debug|Any CPU.Build.0 = Debug|Any CPU
		{8DEB9DE2-86C2-4C36-8DF0-81A04F9F8D3B}.Release|Any CPU.ActiveCfg = Release|Any CPU
		{8DEB9DE2-86C2-4C36-8DF0-81A04F9F8D3B}.Release|Any CPU.Build.0 = Release|Any CPU
		{A5B682B4-795C-4017-9E3E-7CBFE3483C71}.Debug|Any CPU.ActiveCfg = Debug|Any CPU
		{A5B682B4-795C-4017-9E3E-7CBFE3483C71}.Debug|Any CPU.Build.0 = Debug|Any CPU
		{A5B682B4-795C-4017-9E3E-7CBFE3483C71}.Release|Any CPU.ActiveCfg = Release|Any CPU
		{A5B682B4-795C-4017-9E3E-7CBFE3483C71}.Release|Any CPU.Build.0 = Release|Any CPU
		{26C68E0B-0DFE-41FD-B672-FD7A034B4074}.Debug|Any CPU.ActiveCfg = Debug|Any CPU
		{26C68E0B-0DFE-41FD-B672-FD7A034B4074}.Debug|Any CPU.Build.0 = Debug|Any CPU
		{26C68E0B-0DFE-41FD-B672-FD7A034B4074}.Release|Any CPU.ActiveCfg = Release|Any CPU
		{26C68E0B-0DFE-41FD-B672-FD7A034B4074}.Release|Any CPU.Build.0 = Release|Any CPU
		{85CD8E79-F674-4561-96EE-5259BA3D38FC}.Debug|Any CPU.ActiveCfg = Debug|Any CPU
		{85CD8E79-F674-4561-96EE-5259BA3D38FC}.Debug|Any CPU.Build.0 = Debug|Any CPU
		{85CD8E79-F674-4561-96EE-5259BA3D38FC}.Release|Any CPU.ActiveCfg = Release|Any CPU
		{85CD8E79-F674-4561-96EE-5259BA3D38FC}.Release|Any CPU.Build.0 = Release|Any CPU
		{4CAC023A-36CA-4FB0-ADE8-A8CA080A7E52}.Debug|Any CPU.ActiveCfg = Debug|Any CPU
		{4CAC023A-36CA-4FB0-ADE8-A8CA080A7E52}.Debug|Any CPU.Build.0 = Debug|Any CPU
		{4CAC023A-36CA-4FB0-ADE8-A8CA080A7E52}.Release|Any CPU.ActiveCfg = Release|Any CPU
		{4CAC023A-36CA-4FB0-ADE8-A8CA080A7E52}.Release|Any CPU.Build.0 = Release|Any CPU
		{88F77749-6677-4D22-B63D-7B8DC2146A89}.Debug|Any CPU.ActiveCfg = Debug|Any CPU
		{88F77749-6677-4D22-B63D-7B8DC2146A89}.Debug|Any CPU.Build.0 = Debug|Any CPU
		{88F77749-6677-4D22-B63D-7B8DC2146A89}.Release|Any CPU.ActiveCfg = Release|Any CPU
		{88F77749-6677-4D22-B63D-7B8DC2146A89}.Release|Any CPU.Build.0 = Release|Any CPU
		{807CB909-0517-4CD4-8306-F06D623D0F2C}.Debug|Any CPU.ActiveCfg = Debug|Any CPU
		{807CB909-0517-4CD4-8306-F06D623D0F2C}.Debug|Any CPU.Build.0 = Debug|Any CPU
		{807CB909-0517-4CD4-8306-F06D623D0F2C}.Release|Any CPU.ActiveCfg = Release|Any CPU
		{807CB909-0517-4CD4-8306-F06D623D0F2C}.Release|Any CPU.Build.0 = Release|Any CPU
		{7171B34E-CA11-498D-A525-C1FF804E11B4}.Debug|Any CPU.ActiveCfg = Debug|Any CPU
		{7171B34E-CA11-498D-A525-C1FF804E11B4}.Debug|Any CPU.Build.0 = Debug|Any CPU
		{7171B34E-CA11-498D-A525-C1FF804E11B4}.Release|Any CPU.ActiveCfg = Release|Any CPU
		{7171B34E-CA11-498D-A525-C1FF804E11B4}.Release|Any CPU.Build.0 = Release|Any CPU
		{0796FC5E-E2A8-4613-B847-0DB4C39E771B}.Debug|Any CPU.ActiveCfg = Debug|Any CPU
		{0796FC5E-E2A8-4613-B847-0DB4C39E771B}.Debug|Any CPU.Build.0 = Debug|Any CPU
		{0796FC5E-E2A8-4613-B847-0DB4C39E771B}.Release|Any CPU.ActiveCfg = Release|Any CPU
		{0796FC5E-E2A8-4613-B847-0DB4C39E771B}.Release|Any CPU.Build.0 = Release|Any CPU
		{2BFACDC3-F44D-4199-8498-F5C3C4AC0335}.Debug|Any CPU.ActiveCfg = Debug|Any CPU
		{2BFACDC3-F44D-4199-8498-F5C3C4AC0335}.Debug|Any CPU.Build.0 = Debug|Any CPU
		{2BFACDC3-F44D-4199-8498-F5C3C4AC0335}.Release|Any CPU.ActiveCfg = Release|Any CPU
		{2BFACDC3-F44D-4199-8498-F5C3C4AC0335}.Release|Any CPU.Build.0 = Release|Any CPU
		{E461C0A8-8900-485C-B520-E929BA33F712}.Debug|Any CPU.ActiveCfg = Debug|Any CPU
		{E461C0A8-8900-485C-B520-E929BA33F712}.Debug|Any CPU.Build.0 = Debug|Any CPU
		{E461C0A8-8900-485C-B520-E929BA33F712}.Release|Any CPU.ActiveCfg = Release|Any CPU
		{E461C0A8-8900-485C-B520-E929BA33F712}.Release|Any CPU.Build.0 = Release|Any CPU
		{B57F7896-A6B9-4DAD-B778-9618F694FD7D}.Debug|Any CPU.ActiveCfg = Debug|Any CPU
		{B57F7896-A6B9-4DAD-B778-9618F694FD7D}.Debug|Any CPU.Build.0 = Debug|Any CPU
		{B57F7896-A6B9-4DAD-B778-9618F694FD7D}.Release|Any CPU.ActiveCfg = Release|Any CPU
		{B57F7896-A6B9-4DAD-B778-9618F694FD7D}.Release|Any CPU.Build.0 = Release|Any CPU
		{1145BCEF-7642-48D9-A45B-DEF1C0DD5ABC}.Debug|Any CPU.ActiveCfg = Debug|Any CPU
		{1145BCEF-7642-48D9-A45B-DEF1C0DD5ABC}.Debug|Any CPU.Build.0 = Debug|Any CPU
		{1145BCEF-7642-48D9-A45B-DEF1C0DD5ABC}.Release|Any CPU.ActiveCfg = Release|Any CPU
		{1145BCEF-7642-48D9-A45B-DEF1C0DD5ABC}.Release|Any CPU.Build.0 = Release|Any CPU
		{AD092DC9-306F-4FC6-8846-18CB0FDE9B48}.Debug|Any CPU.ActiveCfg = Debug|Any CPU
		{AD092DC9-306F-4FC6-8846-18CB0FDE9B48}.Debug|Any CPU.Build.0 = Debug|Any CPU
		{AD092DC9-306F-4FC6-8846-18CB0FDE9B48}.Release|Any CPU.ActiveCfg = Release|Any CPU
		{AD092DC9-306F-4FC6-8846-18CB0FDE9B48}.Release|Any CPU.Build.0 = Release|Any CPU
		{252CE770-93A0-42F2-B359-B050A896CBCC}.Debug|Any CPU.ActiveCfg = Debug|Any CPU
		{252CE770-93A0-42F2-B359-B050A896CBCC}.Debug|Any CPU.Build.0 = Debug|Any CPU
		{252CE770-93A0-42F2-B359-B050A896CBCC}.Release|Any CPU.ActiveCfg = Release|Any CPU
		{252CE770-93A0-42F2-B359-B050A896CBCC}.Release|Any CPU.Build.0 = Release|Any CPU
		{B6B0D2FC-0886-4961-A005-6B214BB0F51B}.Debug|Any CPU.ActiveCfg = Debug|Any CPU
		{B6B0D2FC-0886-4961-A005-6B214BB0F51B}.Debug|Any CPU.Build.0 = Debug|Any CPU
		{B6B0D2FC-0886-4961-A005-6B214BB0F51B}.Release|Any CPU.ActiveCfg = Release|Any CPU
		{B6B0D2FC-0886-4961-A005-6B214BB0F51B}.Release|Any CPU.Build.0 = Release|Any CPU
		{16A42B53-6429-4FF2-8D35-75FEDD5CB660}.Debug|Any CPU.ActiveCfg = Debug|Any CPU
		{16A42B53-6429-4FF2-8D35-75FEDD5CB660}.Debug|Any CPU.Build.0 = Debug|Any CPU
		{16A42B53-6429-4FF2-8D35-75FEDD5CB660}.Release|Any CPU.ActiveCfg = Release|Any CPU
		{16A42B53-6429-4FF2-8D35-75FEDD5CB660}.Release|Any CPU.Build.0 = Release|Any CPU
		{D1650AFF-7342-4B1F-B4DB-C62178D2638E}.Debug|Any CPU.ActiveCfg = Debug|Any CPU
		{D1650AFF-7342-4B1F-B4DB-C62178D2638E}.Debug|Any CPU.Build.0 = Debug|Any CPU
		{D1650AFF-7342-4B1F-B4DB-C62178D2638E}.Release|Any CPU.ActiveCfg = Release|Any CPU
		{D1650AFF-7342-4B1F-B4DB-C62178D2638E}.Release|Any CPU.Build.0 = Release|Any CPU
		{3AB93BF2-E341-4646-8BE9-D537204D869C}.Debug|Any CPU.ActiveCfg = Debug|Any CPU
		{3AB93BF2-E341-4646-8BE9-D537204D869C}.Debug|Any CPU.Build.0 = Debug|Any CPU
		{3AB93BF2-E341-4646-8BE9-D537204D869C}.Release|Any CPU.ActiveCfg = Release|Any CPU
		{3AB93BF2-E341-4646-8BE9-D537204D869C}.Release|Any CPU.Build.0 = Release|Any CPU
		{2346B854-0039-43DC-ACDE-146B1FD5A1C5}.Debug|Any CPU.ActiveCfg = Debug|Any CPU
		{2346B854-0039-43DC-ACDE-146B1FD5A1C5}.Debug|Any CPU.Build.0 = Debug|Any CPU
		{2346B854-0039-43DC-ACDE-146B1FD5A1C5}.Release|Any CPU.ActiveCfg = Release|Any CPU
		{2346B854-0039-43DC-ACDE-146B1FD5A1C5}.Release|Any CPU.Build.0 = Release|Any CPU
		{E6AEB8F1-0A9C-4CE1-9EF5-5134A9A2D9B7}.Debug|Any CPU.ActiveCfg = Debug|Any CPU
		{E6AEB8F1-0A9C-4CE1-9EF5-5134A9A2D9B7}.Debug|Any CPU.Build.0 = Debug|Any CPU
		{E6AEB8F1-0A9C-4CE1-9EF5-5134A9A2D9B7}.Release|Any CPU.ActiveCfg = Release|Any CPU
		{E6AEB8F1-0A9C-4CE1-9EF5-5134A9A2D9B7}.Release|Any CPU.Build.0 = Release|Any CPU
		{9A9A8B63-C466-44A9-9FE7-D24DE57167EA}.Debug|Any CPU.ActiveCfg = Debug|Any CPU
		{9A9A8B63-C466-44A9-9FE7-D24DE57167EA}.Debug|Any CPU.Build.0 = Debug|Any CPU
		{9A9A8B63-C466-44A9-9FE7-D24DE57167EA}.Release|Any CPU.ActiveCfg = Release|Any CPU
		{9A9A8B63-C466-44A9-9FE7-D24DE57167EA}.Release|Any CPU.Build.0 = Release|Any CPU
		{B915331D-7220-4D63-8EEB-CCA4530413F4}.Debug|Any CPU.ActiveCfg = Debug|Any CPU
		{B915331D-7220-4D63-8EEB-CCA4530413F4}.Debug|Any CPU.Build.0 = Debug|Any CPU
		{B915331D-7220-4D63-8EEB-CCA4530413F4}.Release|Any CPU.ActiveCfg = Release|Any CPU
		{B915331D-7220-4D63-8EEB-CCA4530413F4}.Release|Any CPU.Build.0 = Release|Any CPU
		{CF45F370-EC2F-4A53-982E-B9DF1674D390}.Debug|Any CPU.ActiveCfg = Debug|Any CPU
		{CF45F370-EC2F-4A53-982E-B9DF1674D390}.Debug|Any CPU.Build.0 = Debug|Any CPU
		{CF45F370-EC2F-4A53-982E-B9DF1674D390}.Release|Any CPU.ActiveCfg = Release|Any CPU
		{CF45F370-EC2F-4A53-982E-B9DF1674D390}.Release|Any CPU.Build.0 = Release|Any CPU
		{13B16FD0-52C2-45FD-9912-3E3664E0B5EF}.Debug|Any CPU.ActiveCfg = Debug|Any CPU
		{13B16FD0-52C2-45FD-9912-3E3664E0B5EF}.Debug|Any CPU.Build.0 = Debug|Any CPU
		{13B16FD0-52C2-45FD-9912-3E3664E0B5EF}.Release|Any CPU.ActiveCfg = Release|Any CPU
		{13B16FD0-52C2-45FD-9912-3E3664E0B5EF}.Release|Any CPU.Build.0 = Release|Any CPU
		{5D413AE4-2549-4859-92BF-0E11D66923AD}.Debug|Any CPU.ActiveCfg = Debug|Any CPU
		{5D413AE4-2549-4859-92BF-0E11D66923AD}.Debug|Any CPU.Build.0 = Debug|Any CPU
		{5D413AE4-2549-4859-92BF-0E11D66923AD}.Release|Any CPU.ActiveCfg = Release|Any CPU
		{5D413AE4-2549-4859-92BF-0E11D66923AD}.Release|Any CPU.Build.0 = Release|Any CPU
		{BB3A42E1-F322-4DA3-9A7A-095297E49B34}.Debug|Any CPU.ActiveCfg = Debug|Any CPU
		{BB3A42E1-F322-4DA3-9A7A-095297E49B34}.Debug|Any CPU.Build.0 = Debug|Any CPU
		{BB3A42E1-F322-4DA3-9A7A-095297E49B34}.Release|Any CPU.ActiveCfg = Release|Any CPU
		{BB3A42E1-F322-4DA3-9A7A-095297E49B34}.Release|Any CPU.Build.0 = Release|Any CPU
		{D4F49B39-4ADE-4BE2-8C1E-0CE0048A2309}.Debug|Any CPU.ActiveCfg = Debug|Any CPU
		{D4F49B39-4ADE-4BE2-8C1E-0CE0048A2309}.Debug|Any CPU.Build.0 = Debug|Any CPU
		{D4F49B39-4ADE-4BE2-8C1E-0CE0048A2309}.Release|Any CPU.ActiveCfg = Release|Any CPU
		{D4F49B39-4ADE-4BE2-8C1E-0CE0048A2309}.Release|Any CPU.Build.0 = Release|Any CPU
		{3ABCB806-57BA-4F57-806C-4E63305662B0}.Debug|Any CPU.ActiveCfg = Debug|Any CPU
		{3ABCB806-57BA-4F57-806C-4E63305662B0}.Debug|Any CPU.Build.0 = Debug|Any CPU
		{3ABCB806-57BA-4F57-806C-4E63305662B0}.Release|Any CPU.ActiveCfg = Release|Any CPU
		{3ABCB806-57BA-4F57-806C-4E63305662B0}.Release|Any CPU.Build.0 = Release|Any CPU
		{52E1C721-E2BB-4174-8A31-FAA085F00078}.Debug|Any CPU.ActiveCfg = Debug|Any CPU
		{52E1C721-E2BB-4174-8A31-FAA085F00078}.Debug|Any CPU.Build.0 = Debug|Any CPU
		{52E1C721-E2BB-4174-8A31-FAA085F00078}.Release|Any CPU.ActiveCfg = Release|Any CPU
		{52E1C721-E2BB-4174-8A31-FAA085F00078}.Release|Any CPU.Build.0 = Release|Any CPU
		{BCE0A141-9952-4A52-A976-83663DDDD39E}.Debug|Any CPU.ActiveCfg = Debug|Any CPU
		{BCE0A141-9952-4A52-A976-83663DDDD39E}.Debug|Any CPU.Build.0 = Debug|Any CPU
		{BCE0A141-9952-4A52-A976-83663DDDD39E}.Release|Any CPU.ActiveCfg = Release|Any CPU
		{BCE0A141-9952-4A52-A976-83663DDDD39E}.Release|Any CPU.Build.0 = Release|Any CPU
		{79E9586D-3E43-46BF-A5F2-A121207DBC7B}.Debug|Any CPU.ActiveCfg = Debug|Any CPU
		{79E9586D-3E43-46BF-A5F2-A121207DBC7B}.Debug|Any CPU.Build.0 = Debug|Any CPU
		{79E9586D-3E43-46BF-A5F2-A121207DBC7B}.Release|Any CPU.ActiveCfg = Release|Any CPU
		{79E9586D-3E43-46BF-A5F2-A121207DBC7B}.Release|Any CPU.Build.0 = Release|Any CPU
		{FEFEB3FF-FF38-4116-9ED4-478244F73841}.Debug|Any CPU.ActiveCfg = Debug|Any CPU
		{FEFEB3FF-FF38-4116-9ED4-478244F73841}.Debug|Any CPU.Build.0 = Debug|Any CPU
		{FEFEB3FF-FF38-4116-9ED4-478244F73841}.Release|Any CPU.ActiveCfg = Release|Any CPU
		{FEFEB3FF-FF38-4116-9ED4-478244F73841}.Release|Any CPU.Build.0 = Release|Any CPU
		{59259BF9-B19D-434C-816E-894EDD7BCBDC}.Debug|Any CPU.ActiveCfg = Debug|Any CPU
		{59259BF9-B19D-434C-816E-894EDD7BCBDC}.Debug|Any CPU.Build.0 = Debug|Any CPU
		{59259BF9-B19D-434C-816E-894EDD7BCBDC}.Release|Any CPU.ActiveCfg = Release|Any CPU
		{59259BF9-B19D-434C-816E-894EDD7BCBDC}.Release|Any CPU.Build.0 = Release|Any CPU
		{0ED2E0E4-8417-466C-88A5-8770104742AA}.Debug|Any CPU.ActiveCfg = Debug|Any CPU
		{0ED2E0E4-8417-466C-88A5-8770104742AA}.Debug|Any CPU.Build.0 = Debug|Any CPU
		{0ED2E0E4-8417-466C-88A5-8770104742AA}.Release|Any CPU.ActiveCfg = Release|Any CPU
		{0ED2E0E4-8417-466C-88A5-8770104742AA}.Release|Any CPU.Build.0 = Release|Any CPU
		{E275E797-3E65-472C-8DF0-28CF29B98ACE}.Debug|Any CPU.ActiveCfg = Debug|Any CPU
		{E275E797-3E65-472C-8DF0-28CF29B98ACE}.Debug|Any CPU.Build.0 = Debug|Any CPU
		{E275E797-3E65-472C-8DF0-28CF29B98ACE}.Release|Any CPU.ActiveCfg = Release|Any CPU
		{E275E797-3E65-472C-8DF0-28CF29B98ACE}.Release|Any CPU.Build.0 = Release|Any CPU
	EndGlobalSection
	GlobalSection(SolutionProperties) = preSolution
		HideSolutionNode = FALSE
	EndGlobalSection
	GlobalSection(NestedProjects) = preSolution
		{EA8593B2-8911-40A0-B93A-9A6C72A05A25} = {48CB95EF-7492-497B-BA4F-8B0FE12B02FD}
		{EABD4814-CAFA-4264-B933-C9EF93CB162A} = {48CB95EF-7492-497B-BA4F-8B0FE12B02FD}
		{5F5C8623-E731-4394-9AE4-AC703854A25C} = {48CB95EF-7492-497B-BA4F-8B0FE12B02FD}
		{64ED5C2F-4663-4935-9D3D-51B4360405A8} = {015E7F2B-E107-422D-B041-D628A5E6C4F7}
		{934F340D-0BE2-4FCD-8268-5720927D676D} = {487F095A-22CF-46BF-9702-3F06679A92FF}
		{864EAB3E-9F48-43F1-AF7C-F444310CCC8C} = {934F340D-0BE2-4FCD-8268-5720927D676D}
		{9071E73D-85DB-45F2-B44F-947FA87F4533} = {487F095A-22CF-46BF-9702-3F06679A92FF}
		{460C4E57-7946-4D73-B0BB-0A44839B3B51} = {9071E73D-85DB-45F2-B44F-947FA87F4533}
		{05028397-B364-45AF-B9C1-3D7F829E86FD} = {487F095A-22CF-46BF-9702-3F06679A92FF}
		{0A60D6BF-AED9-4E0F-AD6A-62E74205FA9C} = {05028397-B364-45AF-B9C1-3D7F829E86FD}
		{AAAD1AFF-6627-406C-9A29-527EB59F2CAF} = {05028397-B364-45AF-B9C1-3D7F829E86FD}
		{DDC3B30C-79B5-4365-AD6D-3F21FA3ADFFE} = {05028397-B364-45AF-B9C1-3D7F829E86FD}
		{EEDF1A3B-55C8-42D8-AEA3-987B69C7E054} = {9CF091FD-F2DB-4DE4-A1DB-D415F72DE83D}
		{49130605-E425-4B45-9726-A82E2869DDCF} = {9CF091FD-F2DB-4DE4-A1DB-D415F72DE83D}
		{D4CE9A5E-1D2A-443C-883D-F944AB48C368} = {9CF091FD-F2DB-4DE4-A1DB-D415F72DE83D}
		{692B17AF-1865-4367-9011-5E4704DD62CD} = {9CF091FD-F2DB-4DE4-A1DB-D415F72DE83D}
		{22E5EE6E-C4A9-4DCF-8A10-DE2486D2AF9B} = {692B17AF-1865-4367-9011-5E4704DD62CD}
		{9C2581DA-13F0-4E79-89E7-738CC26B57B7} = {692B17AF-1865-4367-9011-5E4704DD62CD}
		{7FCCFEEE-1B24-4A48-B22A-294E1AD2BEC6} = {CC870149-B1F6-4D9B-8130-4CF94B38E613}
		{8CB0F088-9FE6-4D90-B04D-93B8D9F9AC68} = {7FCCFEEE-1B24-4A48-B22A-294E1AD2BEC6}
		{ADFAA306-1C2E-45E4-99AB-5F823479724E} = {CC870149-B1F6-4D9B-8130-4CF94B38E613}
		{EB27B26B-B704-447C-8F07-6C85D7FE422C} = {ADFAA306-1C2E-45E4-99AB-5F823479724E}
		{40A3605A-288B-4994-895D-59E1359507E8} = {CC870149-B1F6-4D9B-8130-4CF94B38E613}
		{37E487DD-06AD-4A47-ABAC-354B0980E071} = {40A3605A-288B-4994-895D-59E1359507E8}
		{8DEB9DE2-86C2-4C36-8DF0-81A04F9F8D3B} = {40A3605A-288B-4994-895D-59E1359507E8}
		{FC2521D6-3B9E-4F91-93AE-360E9E5151CB} = {05C1A812-C936-483F-884C-301F26F50AEC}
		{A5B682B4-795C-4017-9E3E-7CBFE3483C71} = {FC2521D6-3B9E-4F91-93AE-360E9E5151CB}
		{26C68E0B-0DFE-41FD-B672-FD7A034B4074} = {FC2521D6-3B9E-4F91-93AE-360E9E5151CB}
		{85CD8E79-F674-4561-96EE-5259BA3D38FC} = {FC2521D6-3B9E-4F91-93AE-360E9E5151CB}
		{4CAC023A-36CA-4FB0-ADE8-A8CA080A7E52} = {FC2521D6-3B9E-4F91-93AE-360E9E5151CB}
		{88F77749-6677-4D22-B63D-7B8DC2146A89} = {76398E44-99AE-4F75-803C-217961966B65}
		{807CB909-0517-4CD4-8306-F06D623D0F2C} = {76398E44-99AE-4F75-803C-217961966B65}
		{95CFA993-26AC-40E9-8464-D86E54366F15} = {76398E44-99AE-4F75-803C-217961966B65}
		{7171B34E-CA11-498D-A525-C1FF804E11B4} = {95CFA993-26AC-40E9-8464-D86E54366F15}
		{0796FC5E-E2A8-4613-B847-0DB4C39E771B} = {95CFA993-26AC-40E9-8464-D86E54366F15}
		{2BFACDC3-F44D-4199-8498-F5C3C4AC0335} = {D4D10270-612D-462A-BC21-EA8D32B83C45}
		{E461C0A8-8900-485C-B520-E929BA33F712} = {D4D10270-612D-462A-BC21-EA8D32B83C45}
		{B57F7896-A6B9-4DAD-B778-9618F694FD7D} = {575B7F92-2B4D-49F9-AB11-03EA6B250595}
		{1145BCEF-7642-48D9-A45B-DEF1C0DD5ABC} = {575B7F92-2B4D-49F9-AB11-03EA6B250595}
		{AD092DC9-306F-4FC6-8846-18CB0FDE9B48} = {575B7F92-2B4D-49F9-AB11-03EA6B250595}
		{56E1E670-81A0-45D9-951F-83E847151766} = {575B7F92-2B4D-49F9-AB11-03EA6B250595}
		{252CE770-93A0-42F2-B359-B050A896CBCC} = {56E1E670-81A0-45D9-951F-83E847151766}
		{B6B0D2FC-0886-4961-A005-6B214BB0F51B} = {56E1E670-81A0-45D9-951F-83E847151766}
		{46D2B094-A886-4EFC-9278-0505E4337D60} = {604CF957-A261-4A5F-930C-46E944D9C285}
		{16A42B53-6429-4FF2-8D35-75FEDD5CB660} = {46D2B094-A886-4EFC-9278-0505E4337D60}
		{D1650AFF-7342-4B1F-B4DB-C62178D2638E} = {46D2B094-A886-4EFC-9278-0505E4337D60}
		{3AB93BF2-E341-4646-8BE9-D537204D869C} = {46D2B094-A886-4EFC-9278-0505E4337D60}
		{C5908B6E-2824-47B7-A03E-21ED2B7611CE} = {604CF957-A261-4A5F-930C-46E944D9C285}
		{2346B854-0039-43DC-ACDE-146B1FD5A1C5} = {C5908B6E-2824-47B7-A03E-21ED2B7611CE}
		{E6AEB8F1-0A9C-4CE1-9EF5-5134A9A2D9B7} = {97C8D5A0-EF72-47AB-A1A6-63BCCB0121BB}
		{9A9A8B63-C466-44A9-9FE7-D24DE57167EA} = {B357A4CF-F323-46B5-9C87-15BC4168FD6A}
		{B915331D-7220-4D63-8EEB-CCA4530413F4} = {3E17FCB2-E249-4FB3-B08E-640DFE40369C}
		{CF45F370-EC2F-4A53-982E-B9DF1674D390} = {3E17FCB2-E249-4FB3-B08E-640DFE40369C}
		{13B16FD0-52C2-45FD-9912-3E3664E0B5EF} = {3E17FCB2-E249-4FB3-B08E-640DFE40369C}
		{5D413AE4-2549-4859-92BF-0E11D66923AD} = {97C8D5A0-EF72-47AB-A1A6-63BCCB0121BB}
		{BB3A42E1-F322-4DA3-9A7A-095297E49B34} = {E32F025A-FA1D-4E26-9C4F-C334B87CCF86}
		{D4F49B39-4ADE-4BE2-8C1E-0CE0048A2309} = {E32F025A-FA1D-4E26-9C4F-C334B87CCF86}
		{64361A7D-01FB-4DF0-8BB5-6F5CBA01DDF1} = {E32F025A-FA1D-4E26-9C4F-C334B87CCF86}
		{3ABCB806-57BA-4F57-806C-4E63305662B0} = {64361A7D-01FB-4DF0-8BB5-6F5CBA01DDF1}
		{52E1C721-E2BB-4174-8A31-FAA085F00078} = {64361A7D-01FB-4DF0-8BB5-6F5CBA01DDF1}
		{BCE0A141-9952-4A52-A976-83663DDDD39E} = {64361A7D-01FB-4DF0-8BB5-6F5CBA01DDF1}
		{79E9586D-3E43-46BF-A5F2-A121207DBC7B} = {64361A7D-01FB-4DF0-8BB5-6F5CBA01DDF1}
		{FEFEB3FF-FF38-4116-9ED4-478244F73841} = {64361A7D-01FB-4DF0-8BB5-6F5CBA01DDF1}
		{59259BF9-B19D-434C-816E-894EDD7BCBDC} = {64361A7D-01FB-4DF0-8BB5-6F5CBA01DDF1}
		{0ED2E0E4-8417-466C-88A5-8770104742AA} = {E406C18C-ABC6-4E99-ADFC-1C4AFB250244}
		{C60E9F3A-30F7-4FAB-BBDF-734210EC001C} = {E406C18C-ABC6-4E99-ADFC-1C4AFB250244}
		{E275E797-3E65-472C-8DF0-28CF29B98ACE} = {C60E9F3A-30F7-4FAB-BBDF-734210EC001C}
	EndGlobalSection
	GlobalSection(ExtensibilityGlobals) = postSolution
		SolutionGuid = {5A64B523-8C85-4B85-86AC-B886B6D01AFF}
	EndGlobalSection
EndGlobal
